
Microsoft Visual Studio Solution File, Format Version 12.00
# Visual Studio Version 17
VisualStudioVersion = 17.7.34031.279
MinimumVisualStudioVersion = 10.0.40219.1
Project("{9A19103F-16F7-4668-BE54-9A1E7A4F7556}") = "SnapStudio", "SnapStudio\SnapStudio.csproj", "{A9280C43-2EEB-4885-A35A-D400F32CE070}"
EndProject
Project("{2150E333-8FDC-42A3-9474-1A3956D46DE8}") = "Solution Items", "Solution Items", "{FE69B9A0-12FC-448F-BF41-97D4BF3F8F07}"
	ProjectSection(SolutionItems) = preProject
		.editorconfig = .editorconfig
	EndProjectSection
EndProject
Global
	GlobalSection(SolutionConfigurationPlatforms) = preSolution
		Debug|Any CPU = Debug|Any CPU
		Release|Any CPU = Release|Any CPU
	EndGlobalSection
	GlobalSection(ProjectConfigurationPlatforms) = postSolution
		{A9280C43-2EEB-4885-A35A-D400F32CE070}.Debug|Any CPU.ActiveCfg = Debug|Any CPU
		{A9280C43-2EEB-4885-A35A-D400F32CE070}.Debug|Any CPU.Build.0 = Debug|Any CPU
		{A9280C43-2EEB-4885-A35A-D400F32CE070}.Release|Any CPU.ActiveCfg = Release|Any CPU
		{A9280C43-2EEB-4885-A35A-D400F32CE070}.Release|Any CPU.Build.0 = Release|Any CPU
	EndGlobalSection
	GlobalSection(SolutionProperties) = preSolution
		HideSolutionNode = FALSE
	EndGlobalSection
	GlobalSection(ExtensibilityGlobals) = postSolution
		SolutionGuid = {F10E9A3E-6041-4ABC-AA9D-23C18F5EFDFC}
	EndGlobalSection
EndGlobal
